
Microsoft Visual Studio Solution File, Format Version 12.00
# Visual Studio Version 16
VisualStudioVersion = 16.0.32428.217
MinimumVisualStudioVersion = 10.0.40219.1
Project("{9A19103F-16F7-4668-BE54-9A1E7A4F7556}") = "Pdf2Text", "Pdf2Text.csproj", "{B751034B-E2F6-454F-B472-B39B9CC69570}"
EndProject
Global
	GlobalSection(SolutionConfigurationPlatforms) = preSolution
		Debug|Any CPU = Debug|Any CPU
		Release|Any CPU = Release|Any CPU
	EndGlobalSection
	GlobalSection(ProjectConfigurationPlatforms) = postSolution
		{B751034B-E2F6-454F-B472-B39B9CC69570}.Debug|Any CPU.ActiveCfg = Debug|Any CPU
		{B751034B-E2F6-454F-B472-B39B9CC69570}.Debug|Any CPU.Build.0 = Debug|Any CPU
		{B751034B-E2F6-454F-B472-B39B9CC69570}.Release|Any CPU.ActiveCfg = Release|Any CPU
		{B751034B-E2F6-454F-B472-B39B9CC69570}.Release|Any CPU.Build.0 = Release|Any CPU
	EndGlobalSection
	GlobalSection(SolutionProperties) = preSolution
		HideSolutionNode = FALSE
	EndGlobalSection
	GlobalSection(ExtensibilityGlobals) = postSolution
		SolutionGuid = {8B0B7D6A-E35B-4BAD-B3B9-63C5DB1DEA8A}
	EndGlobalSection
EndGlobal
